
Microsoft Visual Studio Solution File, Format Version 12.00
# Visual Studio 2012
Project("{FAE04EC0-301F-11D3-BF4B-00C04F79EFBC}") = "IndiaLance", "IndiaLance\IndiaLance.csproj", "{8DBE1F0B-2DAD-4C01-A066-F4520A0A9A5A}"
EndProject
Project("{FAE04EC0-301F-11D3-BF4B-00C04F79EFBC}") = "IndiaLanceService", "IndiaLanceService\IndiaLanceService.csproj", "{168242E8-DB97-482D-9906-CA91ADA113E5}"
EndProject
Project("{E24C65DC-7377-472B-9ABA-BC803B73C61A}") = "HostDevServer", "http://localhost:7757", "{358E5356-9CD4-4B3F-B8C4-74D76ADD6BD5}"
	ProjectSection(WebsiteProperties) = preProject
		UseIISExpress = "true"
		TargetFrameworkMoniker = ".NETFramework,Version%3Dv4.5"
		ProjectReferences = "{d3a332d3-8801-4be5-9712-1f74aff783bf}|Mychat.dll;"
		Debug.AspNetCompiler.VirtualPath = "/localhost_7757"
		Debug.AspNetCompiler.PhysicalPath = "C:\Users\Subhadeep\Documents\Visual Studio 2012\WebSites\HostDevServer\"
		Debug.AspNetCompiler.TargetPath = "PrecompiledWeb\localhost_7757\"
		Debug.AspNetCompiler.Updateable = "true"
		Debug.AspNetCompiler.ForceOverwrite = "true"
		Debug.AspNetCompiler.FixedNames = "false"
		Debug.AspNetCompiler.Debug = "True"
		Release.AspNetCompiler.VirtualPath = "/localhost_7757"
		Release.AspNetCompiler.PhysicalPath = "C:\Users\Subhadeep\Documents\Visual Studio 2012\WebSites\HostDevServer\"
		Release.AspNetCompiler.TargetPath = "PrecompiledWeb\localhost_7757\"
		Release.AspNetCompiler.Updateable = "true"
		Release.AspNetCompiler.ForceOverwrite = "true"
		Release.AspNetCompiler.FixedNames = "false"
		Release.AspNetCompiler.Debug = "False"
		SlnRelativePath = "C:\Users\Subhadeep\Documents\Visual Studio 2012\WebSites\HostDevServer\"
		DefaultWebSiteLanguage = "Visual C#"
	EndProjectSection
EndProject
Global
	GlobalSection(SolutionConfigurationPlatforms) = preSolution
		Debug|Any CPU = Debug|Any CPU
		Release|Any CPU = Release|Any CPU
	EndGlobalSection
	GlobalSection(ProjectConfigurationPlatforms) = postSolution
		{8DBE1F0B-2DAD-4C01-A066-F4520A0A9A5A}.Debug|Any CPU.ActiveCfg = Debug|Any CPU
		{8DBE1F0B-2DAD-4C01-A066-F4520A0A9A5A}.Debug|Any CPU.Build.0 = Debug|Any CPU
		{8DBE1F0B-2DAD-4C01-A066-F4520A0A9A5A}.Release|Any CPU.ActiveCfg = Release|Any CPU
		{8DBE1F0B-2DAD-4C01-A066-F4520A0A9A5A}.Release|Any CPU.Build.0 = Release|Any CPU
		{168242E8-DB97-482D-9906-CA91ADA113E5}.Debug|Any CPU.ActiveCfg = Debug|Any CPU
		{168242E8-DB97-482D-9906-CA91ADA113E5}.Debug|Any CPU.Build.0 = Debug|Any CPU
		{168242E8-DB97-482D-9906-CA91ADA113E5}.Release|Any CPU.ActiveCfg = Release|Any CPU
		{168242E8-DB97-482D-9906-CA91ADA113E5}.Release|Any CPU.Build.0 = Release|Any CPU
		{358E5356-9CD4-4B3F-B8C4-74D76ADD6BD5}.Debug|Any CPU.ActiveCfg = Debug|Any CPU
		{358E5356-9CD4-4B3F-B8C4-74D76ADD6BD5}.Debug|Any CPU.Build.0 = Debug|Any CPU
		{358E5356-9CD4-4B3F-B8C4-74D76ADD6BD5}.Release|Any CPU.ActiveCfg = Debug|Any CPU
		{358E5356-9CD4-4B3F-B8C4-74D76ADD6BD5}.Release|Any CPU.Build.0 = Debug|Any CPU
	EndGlobalSection
	GlobalSection(SolutionProperties) = preSolution
		HideSolutionNode = FALSE
	EndGlobalSection
EndGlobal
